[{<<"cowboy">>,
  {git,"https://github.com/ninenines/cowboy.git",
       {ref,"3ea8395eb8f53a57acb5d3c00b99c70296e7cdbd"}},
  0},
 {<<"cowlib">>,
  {git,"https://github.com/ninenines/cowlib",
       {ref,"1eb7f4293a652adcfe43b1835d22c58d8def839f"}},
  1},
 {<<"ranch">>,
  {git,"https://github.com/ninenines/ranch",
       {ref,"a692f44567034dacf5efcaa24a24183788594eb7"}},
  1}].
