{"1.2.0",
[{<<"cowboy">>,{pkg,<<"cowboy">>,<<"2.10.0">>},1},
 {<<"cowlib">>,{pkg,<<"cowlib">>,<<"2.12.1">>},2},
 {<<"eel">>,
  {git,"https://github.com/williamthome/eel",
       {ref,"15b796d74964d46638ae21a6544bf0441fd2c892"}},
  0},
 {<<"euneus">>,{pkg,<<"euneus">>,<<"0.3.0">>},0},
 {<<"ranch">>,{pkg,<<"ranch">>,<<"1.8.0">>},2}]}.
[
{pkg_hash,[
 {<<"cowboy">>, <<"FF9FFEFF91DAE4AE270DD975642997AFE2A1179D94B1887863E43F681A203E26">>},
 {<<"cowlib">>, <<"A9FA9A625F1D2025FE6B462CB865881329B5CAFF8F1854D1CBC9F9533F00E1E1">>},
 {<<"euneus">>, <<"851B653405472A1466B549204E313D7FEB1F85E86C463EC255D46E486778D83C">>},
 {<<"ranch">>, <<"8C7A100A139FD57F17327B6413E4167AC559FBC04CA7448E9BE9057311597A1D">>}]},
{pkg_hash_ext,[
 {<<"cowboy">>, <<"3AFDCCB7183CC6F143CB14D3CF51FA00E53DB9EC80CDCD525482F5E99BC41D6B">>},
 {<<"cowlib">>, <<"163B73F6367A7341B33C794C4E88E7DBFE6498AC42DCD69EF44C5BC5507C8DB0">>},
 {<<"euneus">>, <<"9A04DF7A75038651327B8E1DD226BF41785574C32571DC0A1EAB53FF4925DF0D">>},
 {<<"ranch">>, <<"49FBCFD3682FAB1F5D109351B61257676DA1A2FDBE295904176D5E521A2DDFE5">>}]}
].
